
Microsoft Visual Studio Solution File, Format Version 12.00
# Visual Studio Version 17
VisualStudioVersion = 17.6.33815.320
MinimumVisualStudioVersion = 10.0.40219.1
Project("{FAE04EC0-301F-11D3-BF4B-00C04F79EFBC}") = "NlogDemoApplication", "NlogDemoApplication\NlogDemoApplication.csproj", "{1EB159A1-490B-47F3-AF56-FF11F7C9F89B}"
EndProject
Global
	GlobalSection(SolutionConfigurationPlatforms) = preSolution
		Debug|Any CPU = Debug|Any CPU
		Release|Any CPU = Release|Any CPU
	EndGlobalSection
	GlobalSection(ProjectConfigurationPlatforms) = postSolution
		{1EB159A1-490B-47F3-AF56-FF11F7C9F89B}.Debug|Any CPU.ActiveCfg = Debug|Any CPU
		{1EB159A1-490B-47F3-AF56-FF11F7C9F89B}.Debug|Any CPU.Build.0 = Debug|Any CPU
		{1EB159A1-490B-47F3-AF56-FF11F7C9F89B}.Release|Any CPU.ActiveCfg = Release|Any CPU
		{1EB159A1-490B-47F3-AF56-FF11F7C9F89B}.Release|Any CPU.Build.0 = Release|Any CPU
	EndGlobalSection
	GlobalSection(SolutionProperties) = preSolution
		HideSolutionNode = FALSE
	EndGlobalSection
	GlobalSection(ExtensibilityGlobals) = postSolution
		SolutionGuid = {B1B34FA8-D289-48CD-AB24-CCE7B4E4AF26}
	EndGlobalSection
EndGlobal
